// !$*UTF8*$!
{
	archiveVersion = 1;
	classes = {
	};
	objectVersion = 55;
	objects = {

/* Begin PBXBuildFile section */
		6A25449D28489E5F0099C336 /* MovieDetailView.swift in Sources */ = {isa = PBXBuildFile; fileRef = 6A25449C28489E5F0099C336 /* MovieDetailView.swift */; };
		6AA0E3B828410BEE0048986B /* tmdbclientApp.swift in Sources */ = {isa = PBXBuildFile; fileRef = 6AA0E3B728410BEE0048986B /* tmdbclientApp.swift */; };
		6AA0E3BA28410BEE0048986B /* MoviesView.swift in Sources */ = {isa = PBXBuildFile; fileRef = 6AA0E3B928410BEE0048986B /* MoviesView.swift */; };
		6AA0E3BC28410BEF0048986B /* Assets.xcassets in Resources */ = {isa = PBXBuildFile; fileRef = 6AA0E3BB28410BEF0048986B /* Assets.xcassets */; };
		6AA0E3BF28410BEF0048986B /* Preview Assets.xcassets in Resources */ = {isa = PBXBuildFile; fileRef = 6AA0E3BE28410BEF0048986B /* Preview Assets.xcassets */; };
		6AA0E3CA28410C7F0048986B /* MovieModel.swift in Sources */ = {isa = PBXBuildFile; fileRef = 6AA0E3C928410C7F0048986B /* MovieModel.swift */; };
		6AA0E3CC2843D12E0048986B /* GenreModel.swift in Sources */ = {isa = PBXBuildFile; fileRef = 6AA0E3CB2843D12E0048986B /* GenreModel.swift */; };
		6AA0E3CE2843D1820048986B /* ErrorModel.swift in Sources */ = {isa = PBXBuildFile; fileRef = 6AA0E3CD2843D1820048986B /* ErrorModel.swift */; };
		6AA0E3D02843D1F50048986B /* DiscoverModel.swift in Sources */ = {isa = PBXBuildFile; fileRef = 6AA0E3CF2843D1F50048986B /* DiscoverModel.swift */; };
		6AA0E3D22843FDFA0048986B /* MoviesViewModel.swift in Sources */ = {isa = PBXBuildFile; fileRef = 6AA0E3D12843FDFA0048986B /* MoviesViewModel.swift */; };
		6AA0E3D42843FF0F0048986B /* APIViewModel.swift in Sources */ = {isa = PBXBuildFile; fileRef = 6AA0E3D32843FF0F0048986B /* APIViewModel.swift */; };
		6AA0E3D628440AE80048986B /* MoviesCardView.swift in Sources */ = {isa = PBXBuildFile; fileRef = 6AA0E3D528440AE80048986B /* MoviesCardView.swift */; };
		6AA0E3D928440B100048986B /* SDWebImageSwiftUI in Frameworks */ = {isa = PBXBuildFile; productRef = 6AA0E3D828440B100048986B /* SDWebImageSwiftUI */; };
/* End PBXBuildFile section */

/* Begin PBXFileReference section */
		6A25449C28489E5F0099C336 /* MovieDetailView.swift */ = {isa = PBXFileReference; lastKnownFileType = sourcecode.swift; path = MovieDetailView.swift; sourceTree = "<group>"; };
		6AA0E3B428410BEE0048986B /* tmdbclient.app */ = {isa = PBXFileReference; explicitFileType = wrapper.application; includeInIndex = 0; path = tmdbclient.app; sourceTree = BUILT_PRODUCTS_DIR; };
		6AA0E3B728410BEE0048986B /* tmdbclientApp.swift */ = {isa = PBXFileReference; lastKnownFileType = sourcecode.swift; path = tmdbclientApp.swift; sourceTree = "<group>"; };
		6AA0E3B928410BEE0048986B /* MoviesView.swift */ = {isa = PBXFileReference; lastKnownFileType = sourcecode.swift; path = MoviesView.swift; sourceTree = "<group>"; };
		6AA0E3BB28410BEF0048986B /* Assets.xcassets */ = {isa = PBXFileReference; lastKnownFileType = folder.assetcatalog; path = Assets.xcassets; sourceTree = "<group>"; };
		6AA0E3BE28410BEF0048986B /* Preview Assets.xcassets */ = {isa = PBXFileReference; lastKnownFileType = folder.assetcatalog; path = "Preview Assets.xcassets"; sourceTree = "<group>"; };
		6AA0E3C928410C7F0048986B /* MovieModel.swift */ = {isa = PBXFileReference; lastKnownFileType = sourcecode.swift; path = MovieModel.swift; sourceTree = "<group>"; };
		6AA0E3CB2843D12E0048986B /* GenreModel.swift */ = {isa = PBXFileReference; lastKnownFileType = sourcecode.swift; path = GenreModel.swift; sourceTree = "<group>"; };
		6AA0E3CD2843D1820048986B /* ErrorModel.swift */ = {isa = PBXFileReference; lastKnownFileType = sourcecode.swift; path = ErrorModel.swift; sourceTree = "<group>"; };
		6AA0E3CF2843D1F50048986B /* DiscoverModel.swift */ = {isa = PBXFileReference; lastKnownFileType = sourcecode.swift; path = DiscoverModel.swift; sourceTree = "<group>"; };
		6AA0E3D12843FDFA0048986B /* MoviesViewModel.swift */ = {isa = PBXFileReference; lastKnownFileType = sourcecode.swift; path = MoviesViewModel.swift; sourceTree = "<group>"; };
		6AA0E3D32843FF0F0048986B /* APIViewModel.swift */ = {isa = PBXFileReference; lastKnownFileType = sourcecode.swift; path = APIViewModel.swift; sourceTree = "<group>"; };
		6AA0E3D528440AE80048986B /* MoviesCardView.swift */ = {isa = PBXFileReference; lastKnownFileType = sourcecode.swift; path = MoviesCardView.swift; sourceTree = "<group>"; };
/* End PBXFileReference section */

/* Begin PBXFrameworksBuildPhase section */
		6AA0E3B128410BEE0048986B /* Frameworks */ = {
			isa = PBXFrameworksBuildPhase;
			buildActionMask = 2147483647;
			files = (
				6AA0E3D928440B100048986B /* SDWebImageSwiftUI in Frameworks */,
			);
			runOnlyForDeploymentPostprocessing = 0;
		};
/* End PBXFrameworksBuildPhase section */

/* Begin PBXGroup section */
		6AA0E3AB28410BEE0048986B = {
			isa = PBXGroup;
			children = (
				6AA0E3B628410BEE0048986B /* tmdbclient */,
				6AA0E3B528410BEE0048986B /* Products */,
			);
			sourceTree = "<group>";
		};
		6AA0E3B528410BEE0048986B /* Products */ = {
			isa = PBXGroup;
			children = (
				6AA0E3B428410BEE0048986B /* tmdbclient.app */,
			);
			name = Products;
			sourceTree = "<group>";
		};
		6AA0E3B628410BEE0048986B /* tmdbclient */ = {
			isa = PBXGroup;
			children = (
				6AA0E3C828410C3B0048986B /* App */,
				6AA0E3C528410C060048986B /* Model */,
				6AA0E3C628410C0C0048986B /* View */,
				6AA0E3C728410C120048986B /* ViewModel */,
				6AA0E3BD28410BEF0048986B /* Preview Content */,
			);
			path = tmdbclient;
			sourceTree = "<group>";
		};
		6AA0E3BD28410BEF0048986B /* Preview Content */ = {
			isa = PBXGroup;
			children = (
				6AA0E3BB28410BEF0048986B /* Assets.xcassets */,
				6AA0E3BE28410BEF0048986B /* Preview Assets.xcassets */,
			);
			path = "Preview Content";
			sourceTree = "<group>";
		};
		6AA0E3C528410C060048986B /* Model */ = {
			isa = PBXGroup;
			children = (
				6AA0E3C928410C7F0048986B /* MovieModel.swift */,
				6AA0E3CB2843D12E0048986B /* GenreModel.swift */,
				6AA0E3CD2843D1820048986B /* ErrorModel.swift */,
				6AA0E3CF2843D1F50048986B /* DiscoverModel.swift */,
			);
			path = Model;
			sourceTree = "<group>";
		};
		6AA0E3C628410C0C0048986B /* View */ = {
			isa = PBXGroup;
			children = (
				6AA0E3B928410BEE0048986B /* MoviesView.swift */,
				6AA0E3D528440AE80048986B /* MoviesCardView.swift */,
				6A25449C28489E5F0099C336 /* MovieDetailView.swift */,
			);
			path = View;
			sourceTree = "<group>";
		};
		6AA0E3C728410C120048986B /* ViewModel */ = {
			isa = PBXGroup;
			children = (
				6AA0E3D12843FDFA0048986B /* MoviesViewModel.swift */,
				6AA0E3D32843FF0F0048986B /* APIViewModel.swift */,
			);
			path = ViewModel;
			sourceTree = "<group>";
		};
		6AA0E3C828410C3B0048986B /* App */ = {
			isa = PBXGroup;
			children = (
				6AA0E3B728410BEE0048986B /* tmdbclientApp.swift */,
			);
			path = App;
			sourceTree = "<group>";
		};
/* End PBXGroup section */

/* Begin PBXNativeTarget section */
		6AA0E3B328410BEE0048986B /* tmdbclient */ = {
			isa = PBXNativeTarget;
			buildConfigurationList = 6AA0E3C228410BEF0048986B /* Build configuration list for PBXNativeTarget "tmdbclient" */;
			buildPhases = (
				6AA0E3B028410BEE0048986B /* Sources */,
				6AA0E3B128410BEE0048986B /* Frameworks */,
				6AA0E3B228410BEE0048986B /* Resources */,
			);
			buildRules = (
			);
			dependencies = (
			);
			name = tmdbclient;
			packageProductDependencies = (
				6AA0E3D828440B100048986B /* SDWebImageSwiftUI */,
			);
			productName = tmdbclient;
			productReference = 6AA0E3B428410BEE0048986B /* tmdbclient.app */;
			productType = "com.apple.product-type.application";
		};
/* End PBXNativeTarget section */

/* Begin PBXProject section */
		6AA0E3AC28410BEE0048986B /* Project object */ = {
			isa = PBXProject;
			attributes = {
				BuildIndependentTargetsInParallel = 1;
				LastSwiftUpdateCheck = 1330;
				LastUpgradeCheck = 1330;
				TargetAttributes = {
					6AA0E3B328410BEE0048986B = {
						CreatedOnToolsVersion = 13.3.1;
					};
				};
			};
			buildConfigurationList = 6AA0E3AF28410BEE0048986B /* Build configuration list for PBXProject "tmdbclient" */;
			compatibilityVersion = "Xcode 13.0";
			developmentRegion = en;
			hasScannedForEncodings = 0;
			knownRegions = (
				en,
				Base,
			);
			mainGroup = 6AA0E3AB28410BEE0048986B;
			packageReferences = (
				6AA0E3D728440B100048986B /* XCRemoteSwiftPackageReference "SDWebImageSwiftUI" */,
			);
			productRefGroup = 6AA0E3B528410BEE0048986B /* Products */;
			projectDirPath = "";
			projectRoot = "";
			targets = (
				6AA0E3B328410BEE0048986B /* tmdbclient */,
			);
		};
/* End PBXProject section */

/* Begin PBXResourcesBuildPhase section */
		6AA0E3B228410BEE0048986B /* Resources */ = {
			isa = PBXResourcesBuildPhase;
			buildActionMask = 2147483647;
			files = (
				6AA0E3BF28410BEF0048986B /* Preview Assets.xcassets in Resources */,
				6AA0E3BC28410BEF0048986B /* Assets.xcassets in Resources */,
			);
			runOnlyForDeploymentPostprocessing = 0;
		};
/* End PBXResourcesBuildPhase section */

/* Begin PBXSourcesBuildPhase section */
		6AA0E3B028410BEE0048986B /* Sources */ = {
			isa = PBXSourcesBuildPhase;
			buildActionMask = 2147483647;
			files = (
				6A25449D28489E5F0099C336 /* MovieDetailView.swift in Sources */,
				6AA0E3CE2843D1820048986B /* ErrorModel.swift in Sources */,
				6AA0E3CA28410C7F0048986B /* MovieModel.swift in Sources */,
				6AA0E3CC2843D12E0048986B /* GenreModel.swift in Sources */,
				6AA0E3D02843D1F50048986B /* DiscoverModel.swift in Sources */,
				6AA0E3D22843FDFA0048986B /* MoviesViewModel.swift in Sources */,
				6AA0E3BA28410BEE0048986B /* MoviesView.swift in Sources */,
				6AA0E3B828410BEE0048986B /* tmdbclientApp.swift in Sources */,
				6AA0E3D628440AE80048986B /* MoviesCardView.swift in Sources */,
				6AA0E3D42843FF0F0048986B /* APIViewModel.swift in Sources */,
			);
			runOnlyForDeploymentPostprocessing = 0;
		};
/* End PBXSourcesBuildPhase section */

/* Begin XCBuildConfiguration section */
		6AA0E3C028410BEF0048986B /* Debug */ = {
			isa = XCBuildConfiguration;
			buildSettings = {
				ALWAYS_SEARCH_USER_PATHS = NO;
				CLANG_ANALYZER_NONNULL = YES;
				CLANG_ANALYZER_NUMBER_OBJECT_CONVERSION = YES_AGGRESSIVE;
				CLANG_CXX_LANGUAGE_STANDARD = "gnu++17";
				CLANG_ENABLE_MODULES = YES;
				CLANG_ENABLE_OBJC_ARC = YES;
				CLANG_ENABLE_OBJC_WEAK = YES;
				CLANG_WARN_BLOCK_CAPTURE_AUTORELEASING = YES;
				CLANG_WARN_BOOL_CONVERSION = YES;
				CLANG_WARN_COMMA = YES;
				CLANG_WARN_CONSTANT_CONVERSION = YES;
				CLANG_WARN_DEPRECATED_OBJC_IMPLEMENTATIONS = YES;
				CLANG_WARN_DIRECT_OBJC_ISA_USAGE = YES_ERROR;
				CLANG_WARN_DOCUMENTATION_COMMENTS = YES;
				CLANG_WARN_EMPTY_BODY = YES;
				CLANG_WARN_ENUM_CONVERSION = YES;
				CLANG_WARN_INFINITE_RECURSION = YES;
				CLANG_WARN_INT_CONVERSION = YES;
				CLANG_WARN_NON_LITERAL_NULL_CONVERSION = YES;
				CLANG_WARN_OBJC_IMPLICIT_RETAIN_SELF = YES;
				CLANG_WARN_OBJC_LITERAL_CONVERSION = YES;
				CLANG_WARN_OBJC_ROOT_CLASS = YES_ERROR;
				CLANG_WARN_QUOTED_INCLUDE_IN_FRAMEWORK_HEADER = YES;
				CLANG_WARN_RANGE_LOOP_ANALYSIS = YES;
				CLANG_WARN_STRICT_PROTOTYPES = YES;
				CLANG_WARN_SUSPICIOUS_MOVE = YES;
				CLANG_WARN_UNGUARDED_AVAILABILITY = YES_AGGRESSIVE;
				CLANG_WARN_UNREACHABLE_CODE = YES;
				CLANG_WARN__DUPLICATE_METHOD_MATCH = YES;
				COPY_PHASE_STRIP = NO;
				DEBUG_INFORMATION_FORMAT = dwarf;
				ENABLE_STRICT_OBJC_MSGSEND = YES;
				ENABLE_TESTABILITY = YES;
				GCC_C_LANGUAGE_STANDARD = gnu11;
				GCC_DYNAMIC_NO_PIC = NO;
				GCC_NO_COMMON_BLOCKS = YES;
				GCC_OPTIMIZATION_LEVEL = 0;
				GCC_PREPROCESSOR_DEFINITIONS = (
					"DEBUG=1",
					"$(inherited)",
				);
				GCC_WARN_64_TO_32_BIT_CONVERSION = YES;
				GCC_WARN_ABOUT_RETURN_TYPE = YES_ERROR;
				GCC_WARN_UNDECLARED_SELECTOR = YES;
				GCC_WARN_UNINITIALIZED_AUTOS = YES_AGGRESSIVE;
				GCC_WARN_UNUSED_FUNCTION = YES;
				GCC_WARN_UNUSED_VARIABLE = YES;
				IPHONEOS_DEPLOYMENT_TARGET = 15.4;
				MTL_ENABLE_DEBUG_INFO = INCLUDE_SOURCE;
				MTL_FAST_MATH = YES;
				ONLY_ACTIVE_ARCH = YES;
				SDKROOT = iphoneos;
				SWIFT_ACTIVE_COMPILATION_CONDITIONS = DEBUG;
				SWIFT_OPTIMIZATION_LEVEL = "-Onone";
			};
			name = Debug;
		};
		6AA0E3C128410BEF0048986B /* Release */ = {
			isa = XCBuildConfiguration;
			buildSettings = {
				ALWAYS_SEARCH_USER_PATHS = NO;
				CLANG_ANALYZER_NONNULL = YES;
				CLANG_ANALYZER_NUMBER_OBJECT_CONVERSION = YES_AGGRESSIVE;
				CLANG_CXX_LANGUAGE_STANDARD = "gnu++17";
				CLANG_ENABLE_MODULES = YES;
				CLANG_ENABLE_OBJC_ARC = YES;
				CLANG_ENABLE_OBJC_WEAK = YES;
				CLANG_WARN_BLOCK_CAPTURE_AUTORELEASING = YES;
				CLANG_WARN_BOOL_CONVERSION = YES;
				CLANG_WARN_COMMA = YES;
				CLANG_WARN_CONSTANT_CONVERSION = YES;
				CLANG_WARN_DEPRECATED_OBJC_IMPLEMENTATIONS = YES;
				CLANG_WARN_DIRECT_OBJC_ISA_USAGE = YES_ERROR;
				CLANG_WARN_DOCUMENTATION_COMMENTS = YES;
				CLANG_WARN_EMPTY_BODY = YES;
				CLANG_WARN_ENUM_CONVERSION = YES;
				CLANG_WARN_INFINITE_RECURSION = YES;
				CLANG_WARN_INT_CONVERSION = YES;
				CLANG_WARN_NON_LITERAL_NULL_CONVERSION = YES;
				CLANG_WARN_OBJC_IMPLICIT_RETAIN_SELF = YES;
				CLANG_WARN_OBJC_LITERAL_CONVERSION = YES;
				CLANG_WARN_OBJC_ROOT_CLASS = YES_ERROR;
				CLANG_WARN_QUOTED_INCLUDE_IN_FRAMEWORK_HEADER = YES;
				CLANG_WARN_RANGE_LOOP_ANALYSIS = YES;
				CLANG_WARN_STRICT_PROTOTYPES = YES;
				CLANG_WARN_SUSPICIOUS_MOVE = YES;
				CLANG_WARN_UNGUARDED_AVAILABILITY = YES_AGGRESSIVE;
				CLANG_WARN_UNREACHABLE_CODE = YES;
				CLANG_WARN__DUPLICATE_METHOD_MATCH = YES;
				COPY_PHASE_STRIP = NO;
				DEBUG_INFORMATION_FORMAT = "dwarf-with-dsym";
				ENABLE_NS_ASSERTIONS = NO;
				ENABLE_STRICT_OBJC_MSGSEND = YES;
				GCC_C_LANGUAGE_STANDARD = gnu11;
				GCC_NO_COMMON_BLOCKS = YES;
				GCC_WARN_64_TO_32_BIT_CONVERSION = YES;
				GCC_WARN_ABOUT_RETURN_TYPE = YES_ERROR;
				GCC_WARN_UNDECLARED_SELECTOR = YES;
				GCC_WARN_UNINITIALIZED_AUTOS = YES_AGGRESSIVE;
				GCC_WARN_UNUSED_FUNCTION = YES;
				GCC_WARN_UNUSED_VARIABLE = YES;
				IPHONEOS_DEPLOYMENT_TARGET = 15.4;
				MTL_ENABLE_DEBUG_INFO = NO;
				MTL_FAST_MATH = YES;
				SDKROOT = iphoneos;
				SWIFT_COMPILATION_MODE = wholemodule;
				SWIFT_OPTIMIZATION_LEVEL = "-O";
				VALIDATE_PRODUCT = YES;
			};
			name = Release;
		};
		6AA0E3C328410BEF0048986B /* Debug */ = {
			isa = XCBuildConfiguration;
			buildSettings = {
				ASSETCATALOG_COMPILER_APPICON_NAME = AppIcon;
				ASSETCATALOG_COMPILER_GLOBAL_ACCENT_COLOR_NAME = AccentColor;
				CODE_SIGN_STYLE = Automatic;
				CURRENT_PROJECT_VERSION = 1;
				DEVELOPMENT_ASSET_PATHS = "\"tmdbclient/Preview Content\"";
				DEVELOPMENT_TEAM = 82K24NF83L;
				ENABLE_PREVIEWS = YES;
				GENERATE_INFOPLIST_FILE = YES;
				INFOPLIST_KEY_UIApplicationSceneManifest_Generation = YES;
				INFOPLIST_KEY_UIApplicationSupportsIndirectInputEvents = YES;
				INFOPLIST_KEY_UILaunchScreen_Generation = YES;
				INFOPLIST_KEY_UISupportedInterfaceOrientations_iPad = "UIInterfaceOrientationPortrait UIInterfaceOrientationPortraitUpsideDown UIInterfaceOrientationLandscapeLeft UIInterfaceOrientationLandscapeRight";
				INFOPLIST_KEY_UISupportedInterfaceOrientations_iPhone = "UIInterfaceOrientationPortrait UIInterfaceOrientationLandscapeLeft UIInterfaceOrientationLandscapeRight";
				LD_RUNPATH_SEARCH_PATHS = (
					"$(inherited)",
					"@executable_path/Frameworks",
				);
				MARKETING_VERSION = 1.0;
				PRODUCT_BUNDLE_IDENTIFIER = com.omercankoc.tmdbclient;
				PRODUCT_NAME = "$(TARGET_NAME)";
				SWIFT_EMIT_LOC_STRINGS = YES;
				SWIFT_VERSION = 5.0;
				TARGETED_DEVICE_FAMILY = "1,2";
			};
			name = Debug;
		};
		6AA0E3C428410BEF0048986B /* Release */ = {
			isa = XCBuildConfiguration;
			buildSettings = {
				ASSETCATALOG_COMPILER_APPICON_NAME = AppIcon;
				ASSETCATALOG_COMPILER_GLOBAL_ACCENT_COLOR_NAME = AccentColor;
				CODE_SIGN_STYLE = Automatic;
				CURRENT_PROJECT_VERSION = 1;
				DEVELOPMENT_ASSET_PATHS = "\"tmdbclient/Preview Content\"";
				DEVELOPMENT_TEAM = 82K24NF83L;
				ENABLE_PREVIEWS = YES;
				GENERATE_INFOPLIST_FILE = YES;
				INFOPLIST_KEY_UIApplicationSceneManifest_Generation = YES;
				INFOPLIST_KEY_UIApplicationSupportsIndirectInputEvents = YES;
				INFOPLIST_KEY_UILaunchScreen_Generation = YES;
				INFOPLIST_KEY_UISupportedInterfaceOrientations_iPad = "UIInterfaceOrientationPortrait UIInterfaceOrientationPortraitUpsideDown UIInterfaceOrientationLandscapeLeft UIInterfaceOrientationLandscapeRight";
				INFOPLIST_KEY_UISupportedInterfaceOrientations_iPhone = "UIInterfaceOrientationPortrait UIInterfaceOrientationLandscapeLeft UIInterfaceOrientationLandscapeRight";
				LD_RUNPATH_SEARCH_PATHS = (
					"$(inherited)",
					"@executable_path/Frameworks",
				);
				MARKETING_VERSION = 1.0;
				PRODUCT_BUNDLE_IDENTIFIER = com.omercankoc.tmdbclient;
				PRODUCT_NAME = "$(TARGET_NAME)";
				SWIFT_EMIT_LOC_STRINGS = YES;
				SWIFT_VERSION = 5.0;
				TARGETED_DEVICE_FAMILY = "1,2";
			};
			name = Release;
		};
/* End XCBuildConfiguration section */

/* Begin XCConfigurationList section */
		6AA0E3AF28410BEE0048986B /* Build configuration list for PBXProject "tmdbclient" */ = {
			isa = XCConfigurationList;
			buildConfigurations = (
				6AA0E3C028410BEF0048986B /* Debug */,
				6AA0E3C128410BEF0048986B /* Release */,
			);
			defaultConfigurationIsVisible = 0;
			defaultConfigurationName = Release;
		};
		6AA0E3C228410BEF0048986B /* Build configuration list for PBXNativeTarget "tmdbclient" */ = {
			isa = XCConfigurationList;
			buildConfigurations = (
				6AA0E3C328410BEF0048986B /* Debug */,
				6AA0E3C428410BEF0048986B /* Release */,
			);
			defaultConfigurationIsVisible = 0;
			defaultConfigurationName = Release;
		};
/* End XCConfigurationList section */

/* Begin XCRemoteSwiftPackageReference section */
		6AA0E3D728440B100048986B /* XCRemoteSwiftPackageReference "SDWebImageSwiftUI" */ = {
			isa = XCRemoteSwiftPackageReference;
			repositoryURL = "https://github.com/SDWebImage/SDWebImageSwiftUI.git";
			requirement = {
				branch = master;
				kind = branch;
			};
		};
/* End XCRemoteSwiftPackageReference section */

/* Begin XCSwiftPackageProductDependency section */
		6AA0E3D828440B100048986B /* SDWebImageSwiftUI */ = {
			isa = XCSwiftPackageProductDependency;
			package = 6AA0E3D728440B100048986B /* XCRemoteSwiftPackageReference "SDWebImageSwiftUI" */;
			productName = SDWebImageSwiftUI;
		};
/* End XCSwiftPackageProductDependency section */
	};
	rootObject = 6AA0E3AC28410BEE0048986B /* Project object */;
}
